
Microsoft Visual Studio Solution File, Format Version 12.00
# Visual Studio Version 17
VisualStudioVersion = 17.5.33414.496
MinimumVisualStudioVersion = 10.0.40219.1
Project("{FAE04EC0-301F-11D3-BF4B-00C04F79EFBC}") = "Simulation Lab 2", "Simulation Lab 2\Simulation Lab 2.csproj", "{79BC857C-1FBD-452C-A654-AD602F5B1467}"
EndProject
Global
	GlobalSection(SolutionConfigurationPlatforms) = preSolution
		Debug|Any CPU = Debug|Any CPU
		Release|Any CPU = Release|Any CPU
	EndGlobalSection
	GlobalSection(ProjectConfigurationPlatforms) = postSolution
		{79BC857C-1FBD-452C-A654-AD602F5B1467}.Debug|Any CPU.ActiveCfg = Debug|Any CPU
		{79BC857C-1FBD-452C-A654-AD602F5B1467}.Debug|Any CPU.Build.0 = Debug|Any CPU
		{79BC857C-1FBD-452C-A654-AD602F5B1467}.Release|Any CPU.ActiveCfg = Release|Any CPU
		{79BC857C-1FBD-452C-A654-AD602F5B1467}.Release|Any CPU.Build.0 = Release|Any CPU
	EndGlobalSection
	GlobalSection(SolutionProperties) = preSolution
		HideSolutionNode = FALSE
	EndGlobalSection
	GlobalSection(ExtensibilityGlobals) = postSolution
		SolutionGuid = {7C50DEEE-4A64-43EE-89FD-D131A9FDDDF5}
	EndGlobalSection
EndGlobal
